{
  "name": "serverless-xray",
  "version": "1.0.0",
  "lockfileVersion": 1,
  "requires": true,
  "dependencies": {
    "async": {
      "version": "1.0.0",
      "resolved": "https://mmrepo.jfrog.io/mmrepo/api/npm/npm-virtual/async/-/async-1.0.0.tgz",
      "integrity": "sha1-+PwEyjoTeErenhZBr5hXjPvWR6k="
    },
    "async-listener": {
      "version": "0.6.10",
      "resolved": "https://mmrepo.jfrog.io/mmrepo/api/npm/npm-virtual/async-listener/-/async-listener-0.6.10.tgz",
      "integrity": "sha1-p8l6vlcLpgLXgic8DeYKUePhfLw=",
      "requires": {
        "semver": "^5.3.0",
        "shimmer": "^1.1.0"
      }
    },
    "atomic-batcher": {
      "version": "1.0.2",
      "resolved": "https://mmrepo.jfrog.io/mmrepo/api/npm/npm-virtual/atomic-batcher/-/atomic-batcher-1.0.2.tgz",
      "integrity": "sha1-0WkB0QzOxZUWwZe5zNiTBom4E7Q="
    },
    "aws-sdk": {
      "version": "2.456.0",
      "resolved": "https://mmrepo.jfrog.io/mmrepo/api/npm/npm-virtual/aws-sdk/-/aws-sdk-2.456.0.tgz",
      "integrity": "sha1-HSWJl72FneAKkx2BtgF2Xtvq41k=",
      "requires": {
        "buffer": "4.9.1",
        "events": "1.1.1",
        "ieee754": "1.1.8",
        "jmespath": "0.15.0",
        "querystring": "0.2.0",
        "sax": "1.2.1",
        "url": "0.10.3",
        "uuid": "3.3.2",
        "xml2js": "0.4.19"
      }
    },
    "aws-xray-sdk": {
      "version": "2.3.3",
      "resolved": "https://mmrepo.jfrog.io/mmrepo/api/npm/npm-virtual/aws-xray-sdk/-/aws-xray-sdk-2.3.3.tgz",
      "integrity": "sha1-6pNGoDaMB+DZLkqSl2/YCDPhnoQ=",
      "requires": {
        "aws-xray-sdk-core": "^2.3.3",
        "aws-xray-sdk-express": "^2.3.3",
        "aws-xray-sdk-mysql": "^2.3.3",
        "aws-xray-sdk-postgres": "^2.3.3",
        "pkginfo": "^0.4.0"
      }
    },
    "aws-xray-sdk-core": {
      "version": "2.3.3",
      "resolved": "https://mmrepo.jfrog.io/mmrepo/api/npm/npm-virtual/aws-xray-sdk-core/-/aws-xray-sdk-core-2.3.3.tgz",
      "integrity": "sha1-+o4QP/JVJtptZuX5QpR6BvugaaQ=",
      "requires": {
        "atomic-batcher": "^1.0.2",
        "aws-sdk": "^2.304.0",
        "continuation-local-storage": "^3.2.0",
        "date-fns": "^1.29.0",
        "lodash": "^4.17.11",
        "pkginfo": "^0.4.0",
        "semver": "^5.3.0",
        "winston": "^2.4.4"
      }
    },
    "aws-xray-sdk-express": {
      "version": "2.3.3",
      "resolved": "https://mmrepo.jfrog.io/mmrepo/api/npm/npm-virtual/aws-xray-sdk-express/-/aws-xray-sdk-express-2.3.3.tgz",
      "integrity": "sha1-X9cfBUwlNpUlcLSf/LJwVQDyPmc="
    },
    "aws-xray-sdk-mysql": {
      "version": "2.3.3",
      "resolved": "https://mmrepo.jfrog.io/mmrepo/api/npm/npm-virtual/aws-xray-sdk-mysql/-/aws-xray-sdk-mysql-2.3.3.tgz",
      "integrity": "sha1-HrKeL9f5Dx+9ulrJo9y3UOkFsx0="
    },
    "aws-xray-sdk-postgres": {
      "version": "2.3.3",
      "resolved": "https://mmrepo.jfrog.io/mmrepo/api/npm/npm-virtual/aws-xray-sdk-postgres/-/aws-xray-sdk-postgres-2.3.3.tgz",
      "integrity": "sha1-+7Ua24TLy4K8W2qTT6XdKt6LWus="
    },
    "base64-js": {
      "version": "1.3.0",
      "resolved": "https://mmrepo.jfrog.io/mmrepo/api/npm/npm-virtual/base64-js/-/base64-js-1.3.0.tgz",
      "integrity": "sha1-yrHmEY8FEJXli1KBrqjBzSK/wOM="
    },
    "buffer": {
      "version": "4.9.1",
      "resolved": "https://mmrepo.jfrog.io/mmrepo/api/npm/npm-virtual/buffer/-/buffer-4.9.1.tgz",
      "integrity": "sha1-bRu2AbB6TvztlwlBMgkwJ8lbwpg=",
      "requires": {
        "base64-js": "^1.0.2",
        "ieee754": "^1.1.4",
        "isarray": "^1.0.0"
      }
    },
    "colors": {
      "version": "1.0.3",
      "resolved": "https://mmrepo.jfrog.io/mmrepo/api/npm/npm-virtual/colors/-/colors-1.0.3.tgz",
      "integrity": "sha1-BDP0TYCWgP3rYO0mDxsMJi6CpAs="
    },
    "continuation-local-storage": {
      "version": "3.2.1",
      "resolved": "https://mmrepo.jfrog.io/mmrepo/api/npm/npm-virtual/continuation-local-storage/-/continuation-local-storage-3.2.1.tgz",
      "integrity": "sha1-EfYT906RT+mzTJKtLSj+auHbf/s=",
      "requires": {
        "async-listener": "^0.6.0",
        "emitter-listener": "^1.1.1"
      }
    },
    "cycle": {
      "version": "1.0.3",
      "resolved": "https://mmrepo.jfrog.io/mmrepo/api/npm/npm-virtual/cycle/-/cycle-1.0.3.tgz",
      "integrity": "sha1-IegLK+hYD5i0aPN5QwZisEbDStI="
    },
    "date-fns": {
      "version": "1.30.1",
      "resolved": "https://mmrepo.jfrog.io/mmrepo/api/npm/npm-virtual/date-fns/-/date-fns-1.30.1.tgz",
      "integrity": "sha1-LnG/CxGRU9u0zE6I2epaz7UNwFw="
    },
    "emitter-listener": {
      "version": "1.1.2",
      "resolved": "https://mmrepo.jfrog.io/mmrepo/api/npm/npm-virtual/emitter-listener/-/emitter-listener-1.1.2.tgz",
      "integrity": "sha1-VrFA6PaZI3Wz18ssqxzHQy2WMug=",
      "requires": {
        "shimmer": "^1.2.0"
      }
    },
    "events": {
      "version": "1.1.1",
      "resolved": "https://mmrepo.jfrog.io/mmrepo/api/npm/npm-virtual/events/-/events-1.1.1.tgz",
      "integrity": "sha1-nr23Y1rQmccNzEwqH1AEKI6L2SQ="
    },
    "eyes": {
      "version": "0.1.8",
      "resolved": "https://mmrepo.jfrog.io/mmrepo/api/npm/npm-virtual/eyes/-/eyes-0.1.8.tgz",
      "integrity": "sha1-Ys8SAjTGg3hdkCNIqADvPgzCC8A="
    },
    "ieee754": {
      "version": "1.1.8",
      "resolved": "https://mmrepo.jfrog.io/mmrepo/api/npm/npm-virtual/ieee754/-/ieee754-1.1.8.tgz",
      "integrity": "sha1-vjPUCsEO8ZJnAfbwii2G+/0a0+Q="
    },
    "isarray": {
      "version": "1.0.0",
      "resolved": "https://mmrepo.jfrog.io/mmrepo/api/npm/npm-virtual/isarray/-/isarray-1.0.0.tgz",
      "integrity": "sha1-u5NdSFgsuhaMBoNJV6VKPgcSTxE="
    },
    "isstream": {
      "version": "0.1.2",
      "resolved": "https://mmrepo.jfrog.io/mmrepo/api/npm/npm-virtual/isstream/-/isstream-0.1.2.tgz",
      "integrity": "sha1-R+Y/evVa+m+S4VAOaQ64uFKcCZo="
    },
    "jmespath": {
      "version": "0.15.0",
      "resolved": "https://mmrepo.jfrog.io/mmrepo/api/npm/npm-virtual/jmespath/-/jmespath-0.15.0.tgz",
      "integrity": "sha1-o/Iiqarp+Wb10nx5ZRDigJF2Qhc="
    },
    "lodash": {
      "version": "4.17.19",
      "resolved": "https://registry.npmjs.org/lodash/-/lodash-4.17.19.tgz",
      "integrity": "sha512-JNvd8XER9GQX0v2qJgsaN/mzFCNA5BRe/j8JN9d+tWyGLSodKQHKFicdwNYzWwI3wjRnaKPsGj1XkBjx/F96DQ=="
    },
    "pkginfo": {
      "version": "0.4.1",
      "resolved": "https://mmrepo.jfrog.io/mmrepo/api/npm/npm-virtual/pkginfo/-/pkginfo-0.4.1.tgz",
      "integrity": "sha1-tUGO8EOd5UJfxJlQQtztFPsqhP8="
    },
    "punycode": {
      "version": "1.3.2",
      "resolved": "https://mmrepo.jfrog.io/mmrepo/api/npm/npm-virtual/punycode/-/punycode-1.3.2.tgz",
      "integrity": "sha1-llOgNvt8HuQjQvIyXM7v6jkmxI0="
    },
    "querystring": {
      "version": "0.2.0",
      "resolved": "https://mmrepo.jfrog.io/mmrepo/api/npm/npm-virtual/querystring/-/querystring-0.2.0.tgz",
      "integrity": "sha1-sgmEkgO7Jd+CDadW50cAWHhSFiA="
    },
    "sax": {
      "version": "1.2.1",
      "resolved": "https://mmrepo.jfrog.io/mmrepo/api/npm/npm-virtual/sax/-/sax-1.2.1.tgz",
      "integrity": "sha1-e45lYZCyKOgaZq6nSEgNgozS03o="
    },
    "semver": {
      "version": "5.7.0",
      "resolved": "https://mmrepo.jfrog.io/mmrepo/api/npm/npm-virtual/semver/-/semver-5.7.0.tgz",
      "integrity": "sha1-eQp89v6lRZuslhELKbYEEtyP+Ws="
    },
    "serverless-plugin-tracing": {
      "version": "2.0.0",
      "resolved": "https://mmrepo.jfrog.io/mmrepo/api/npm/npm-virtual/serverless-plugin-tracing/-/serverless-plugin-tracing-2.0.0.tgz",
      "integrity": "sha1-32uLMWasm7cKN8f8h1AUsjaRWPY=",
      "dev": true
    },
    "shimmer": {
      "version": "1.2.1",
      "resolved": "https://mmrepo.jfrog.io/mmrepo/api/npm/npm-virtual/shimmer/-/shimmer-1.2.1.tgz",
      "integrity": "sha1-YQhZ994ye1h+/r9QH7QxF/mv8zc="
    },
    "stack-trace": {
      "version": "0.0.10",
      "resolved": "https://mmrepo.jfrog.io/mmrepo/api/npm/npm-virtual/stack-trace/-/stack-trace-0.0.10.tgz",
      "integrity": "sha1-VHxws0fo0ytOEI6hoqFZ5f3eGcA="
    },
    "url": {
      "version": "0.10.3",
      "resolved": "https://mmrepo.jfrog.io/mmrepo/api/npm/npm-virtual/url/-/url-0.10.3.tgz",
      "integrity": "sha1-Ah5NnHcF8hu/N9A861h2dAJ3TGQ=",
      "requires": {
        "punycode": "1.3.2",
        "querystring": "0.2.0"
      }
    },
    "uuid": {
      "version": "3.3.2",
      "resolved": "https://mmrepo.jfrog.io/mmrepo/api/npm/npm-virtual/uuid/-/uuid-3.3.2.tgz",
      "integrity": "sha1-G0r0lV6zB3xQHCOHL8ZROBFYcTE="
    },
    "winston": {
      "version": "2.4.4",
      "resolved": "https://mmrepo.jfrog.io/mmrepo/api/npm/npm-virtual/winston/-/winston-2.4.4.tgz",
      "integrity": "sha1-oB5NHQoQPPTq2m/B+IazEQ1xw0s=",
      "requires": {
        "async": "~1.0.0",
        "colors": "1.0.x",
        "cycle": "1.0.x",
        "eyes": "0.1.x",
        "isstream": "0.1.x",
        "stack-trace": "0.0.x"
      }
    },
    "xml2js": {
      "version": "0.4.19",
      "resolved": "https://mmrepo.jfrog.io/mmrepo/api/npm/npm-virtual/xml2js/-/xml2js-0.4.19.tgz",
      "integrity": "sha1-aGwg8hMgnpSr8NG88e+qKRx4J6c=",
      "requires": {
        "sax": ">=0.6.0",
        "xmlbuilder": "~9.0.1"
      }
    },
    "xmlbuilder": {
      "version": "9.0.7",
      "resolved": "https://mmrepo.jfrog.io/mmrepo/api/npm/npm-virtual/xmlbuilder/-/xmlbuilder-9.0.7.tgz",
      "integrity": "sha1-Ey7mPS7FVlxVfiD0wi35rKaGsQ0="
    }
  }
}
